
Microsoft Visual Studio Solution File, Format Version 12.00
# Visual Studio 2013
VisualStudioVersion = 12.0.21005.1
MinimumVisualStudioVersion = 10.0.40219.1
Project("{FAE04EC0-301F-11D3-BF4B-00C04F79EFBC}") = "CrystalTettey", "CrystalTettey\CrystalTettey.csproj", "{FA798474-5153-4AD3-A88A-FA34186D7529}"
EndProject
Project("{FAE04EC0-301F-11D3-BF4B-00C04F79EFBC}") = "CTBusinessLayer", "ClassLibrary1\CTBusinessLayer.csproj", "{37039A56-4B0B-426C-BFA6-B724B927FFA6}"
EndProject
Global
	GlobalSection(SolutionConfigurationPlatforms) = preSolution
		Debug|Any CPU = Debug|Any CPU
		Release|Any CPU = Release|Any CPU
	EndGlobalSection
	GlobalSection(ProjectConfigurationPlatforms) = postSolution
		{FA798474-5153-4AD3-A88A-FA34186D7529}.Debug|Any CPU.ActiveCfg = Debug|Any CPU
		{FA798474-5153-4AD3-A88A-FA34186D7529}.Debug|Any CPU.Build.0 = Debug|Any CPU
		{FA798474-5153-4AD3-A88A-FA34186D7529}.Release|Any CPU.ActiveCfg = Release|Any CPU
		{FA798474-5153-4AD3-A88A-FA34186D7529}.Release|Any CPU.Build.0 = Release|Any CPU
		{37039A56-4B0B-426C-BFA6-B724B927FFA6}.Debug|Any CPU.ActiveCfg = Debug|Any CPU
		{37039A56-4B0B-426C-BFA6-B724B927FFA6}.Debug|Any CPU.Build.0 = Debug|Any CPU
		{37039A56-4B0B-426C-BFA6-B724B927FFA6}.Release|Any CPU.ActiveCfg = Release|Any CPU
		{37039A56-4B0B-426C-BFA6-B724B927FFA6}.Release|Any CPU.Build.0 = Release|Any CPU
	EndGlobalSection
	GlobalSection(SolutionProperties) = preSolution
		HideSolutionNode = FALSE
	EndGlobalSection
EndGlobal
